
Microsoft Visual Studio Solution File, Format Version 12.00
# Visual Studio 15
VisualStudioVersion = 15.0.27130.2027
MinimumVisualStudioVersion = 10.0.40219.1
Project("{FAE04EC0-301F-11D3-BF4B-00C04F79EFBC}") = "Assignment", "Assignment\Assignment.csproj", "{8A1FA86F-0707-49F6-AB92-7967D6ACF74D}"
EndProject
Project("{FAE04EC0-301F-11D3-BF4B-00C04F79EFBC}") = "AssignmentTests", "AssignmentTests\AssignmentTests.csproj", "{CC148105-8085-4C95-952A-245A0DF3A19D}"
EndProject
Global
	GlobalSection(SolutionConfigurationPlatforms) = preSolution
		Debug|Any CPU = Debug|Any CPU
		Release|Any CPU = Release|Any CPU
	EndGlobalSection
	GlobalSection(ProjectConfigurationPlatforms) = postSolution
		{8A1FA86F-0707-49F6-AB92-7967D6ACF74D}.Debug|Any CPU.ActiveCfg = Debug|Any CPU
		{8A1FA86F-0707-49F6-AB92-7967D6ACF74D}.Debug|Any CPU.Build.0 = Debug|Any CPU
		{8A1FA86F-0707-49F6-AB92-7967D6ACF74D}.Release|Any CPU.ActiveCfg = Release|Any CPU
		{8A1FA86F-0707-49F6-AB92-7967D6ACF74D}.Release|Any CPU.Build.0 = Release|Any CPU
		{CC148105-8085-4C95-952A-245A0DF3A19D}.Debug|Any CPU.ActiveCfg = Debug|Any CPU
		{CC148105-8085-4C95-952A-245A0DF3A19D}.Debug|Any CPU.Build.0 = Debug|Any CPU
		{CC148105-8085-4C95-952A-245A0DF3A19D}.Release|Any CPU.ActiveCfg = Release|Any CPU
		{CC148105-8085-4C95-952A-245A0DF3A19D}.Release|Any CPU.Build.0 = Release|Any CPU
	EndGlobalSection
	GlobalSection(SolutionProperties) = preSolution
		HideSolutionNode = FALSE
	EndGlobalSection
	GlobalSection(ExtensibilityGlobals) = postSolution
		SolutionGuid = {9B1B3C9B-6106-4016-94C6-BEC491C73E5A}
	EndGlobalSection
EndGlobal
